# THIS IS AN AUTOGENERATED FILE. DO NOT EDIT THIS FILE DIRECTLY.
# yarn lockfile v1


fast-xml-parser@^3.3.7:
  version "3.3.7"
  resolved "https://registry.yarnpkg.com/fast-xml-parser/-/fast-xml-parser-3.3.7.tgz#924d9ef2b2b869fea6671698bd30df1c798da367"
  dependencies:
    nimnjs "^1.2.2"

nimn-date-parser@^1.0.0:
  version "1.0.0"
  resolved "https://registry.yarnpkg.com/nimn-date-parser/-/nimn-date-parser-1.0.0.tgz#4ce55d1fd5ea206bbe82b76276f7b7c582139351"

nimn_schema_builder@^1.0.0:
  version "1.1.0"
  resolved "https://registry.yarnpkg.com/nimn_schema_builder/-/nimn_schema_builder-1.1.0.tgz#b370ccf5b647d66e50b2dcfb20d0aa12468cd247"

nimnjs@^1.2.2:
  version "1.2.2"
  resolved "https://registry.yarnpkg.com/nimnjs/-/nimnjs-1.2.2.tgz#503ecba3f0119dbc312c31d53b21a14442fa9bc4"
  dependencies:
    nimn-date-parser "^1.0.0"
    nimn_schema_builder "^1.0.0"
